
Microsoft Visual Studio Solution File, Format Version 12.00
Project("{FAE04EC0-301F-11D3-BF4B-00C04F79EFBC}") = "NTT.API", "NTT.API\NTT.API.csproj", "{1EECAC81-922B-4243-923E-4B8085DCADE6}"
EndProject
Project("{FAE04EC0-301F-11D3-BF4B-00C04F79EFBC}") = "NTT.Repository", "NTT.Repository\NTT.Repository.csproj", "{EDC84D7F-0A50-472A-B7D9-4375271ECF63}"
EndProject
Project("{FAE04EC0-301F-11D3-BF4B-00C04F79EFBC}") = "NTT.Service", "NTT.Service\NTT.Service.csproj", "{A0A13294-16EF-45C9-8A59-40F2EC662654}"
EndProject
Project("{FAE04EC0-301F-11D3-BF4B-00C04F79EFBC}") = "NTT.Core", "NTT.Core\NTT.Core.csproj", "{0D055885-8088-457D-909D-FD7D514A4897}"
EndProject
Global
	GlobalSection(SolutionConfigurationPlatforms) = preSolution
		Debug|Any CPU = Debug|Any CPU
		Release|Any CPU = Release|Any CPU
	EndGlobalSection
	GlobalSection(ProjectConfigurationPlatforms) = postSolution
		{1EECAC81-922B-4243-923E-4B8085DCADE6}.Debug|Any CPU.ActiveCfg = Debug|Any CPU
		{1EECAC81-922B-4243-923E-4B8085DCADE6}.Debug|Any CPU.Build.0 = Debug|Any CPU
		{1EECAC81-922B-4243-923E-4B8085DCADE6}.Release|Any CPU.ActiveCfg = Release|Any CPU
		{1EECAC81-922B-4243-923E-4B8085DCADE6}.Release|Any CPU.Build.0 = Release|Any CPU
		{EDC84D7F-0A50-472A-B7D9-4375271ECF63}.Debug|Any CPU.ActiveCfg = Debug|Any CPU
		{EDC84D7F-0A50-472A-B7D9-4375271ECF63}.Debug|Any CPU.Build.0 = Debug|Any CPU
		{EDC84D7F-0A50-472A-B7D9-4375271ECF63}.Release|Any CPU.ActiveCfg = Release|Any CPU
		{EDC84D7F-0A50-472A-B7D9-4375271ECF63}.Release|Any CPU.Build.0 = Release|Any CPU
		{A0A13294-16EF-45C9-8A59-40F2EC662654}.Debug|Any CPU.ActiveCfg = Debug|Any CPU
		{A0A13294-16EF-45C9-8A59-40F2EC662654}.Debug|Any CPU.Build.0 = Debug|Any CPU
		{A0A13294-16EF-45C9-8A59-40F2EC662654}.Release|Any CPU.ActiveCfg = Release|Any CPU
		{A0A13294-16EF-45C9-8A59-40F2EC662654}.Release|Any CPU.Build.0 = Release|Any CPU
		{0D055885-8088-457D-909D-FD7D514A4897}.Debug|Any CPU.ActiveCfg = Debug|Any CPU
		{0D055885-8088-457D-909D-FD7D514A4897}.Debug|Any CPU.Build.0 = Debug|Any CPU
		{0D055885-8088-457D-909D-FD7D514A4897}.Release|Any CPU.ActiveCfg = Release|Any CPU
		{0D055885-8088-457D-909D-FD7D514A4897}.Release|Any CPU.Build.0 = Release|Any CPU
	EndGlobalSection
EndGlobal
